
Microsoft Visual Studio Solution File, Format Version 12.00
# Visual Studio Version 18
VisualStudioVersion = 18.0.11111.16 d18.0
MinimumVisualStudioVersion = 10.0.40219.1
Project("{9A19103F-16F7-4668-BE54-9A1E7A4F7556}") = "CSharp71", "CSharp71\CSharp71.csproj", "{6F9788FA-00C5-4A10-BB06-959F3BB40AC3}"
EndProject
Project("{9A19103F-16F7-4668-BE54-9A1E7A4F7556}") = "CSharp72", "CSharp72\CSharp72.csproj", "{62F4E04D-7ACB-4560-9C27-DBC7EA0080A9}"
EndProject
Project("{9A19103F-16F7-4668-BE54-9A1E7A4F7556}") = "CSharp73", "CSharp73\CSharp73.csproj", "{92B4F464-1B8B-4724-AB82-56C1AAD790DF}"
EndProject
Project("{9A19103F-16F7-4668-BE54-9A1E7A4F7556}") = "CSharp8Framework", "CSharp8Framework\CSharp8Framework.csproj", "{A71FB69B-A994-4ED7-96B1-B34D3E50CEFA}"
EndProject
Project("{9A19103F-16F7-4668-BE54-9A1E7A4F7556}") = "CSharp8Nuget", "CSharp8Nuget\CSharp8Nuget.csproj", "{B6838EBC-8AFB-4F13-969F-B7AB685AA414}"
EndProject
Project("{9A19103F-16F7-4668-BE54-9A1E7A4F7556}") = "CSharp9Framework", "CSharp9Framework\CSharp9Framework.csproj", "{86E64C70-FCA9-4D29-976D-5C8A0C5CAC42}"
EndProject
Project("{9A19103F-16F7-4668-BE54-9A1E7A4F7556}") = "CSharp9Net5", "CSharp9Net5\CSharp9Net5.csproj", "{7B650A8F-B451-4E99-9834-BB4B7F9512D5}"
EndProject
Project("{9A19103F-16F7-4668-BE54-9A1E7A4F7556}") = "CSharp10", "CSharp10\CSharp10.csproj", "{FE01D8C2-8C47-46F8-84AD-77F8DB7C2DC4}"
EndProject
Project("{9A19103F-16F7-4668-BE54-9A1E7A4F7556}") = "CSharp11", "CSharp11\CSharp11.csproj", "{6DCB50D0-510A-4833-8EDD-392327EEE420}"
EndProject
Project("{9A19103F-16F7-4668-BE54-9A1E7A4F7556}") = "CSharp12", "CSharp12\CSharp12.csproj", "{BB031FB8-967A-44D9-BAB8-7ED74CD5A01E}"
EndProject
Project("{FAE04EC0-301F-11D3-BF4B-00C04F79EFBC}") = "CSharp13", "CSharp13\CSharp13.csproj", "{D123B5E7-B288-4F5D-BE07-D87B64D22321}"
EndProject
Project("{FAE04EC0-301F-11D3-BF4B-00C04F79EFBC}") = "CSharp14", "CSharp14\CSharp14.csproj", "{79F5F231-D5C9-A987-F137-0162DEA6A312}"
EndProject
Global
	GlobalSection(SolutionConfigurationPlatforms) = preSolution
		Debug|Any CPU = Debug|Any CPU
		Release|Any CPU = Release|Any CPU
	EndGlobalSection
	GlobalSection(ProjectConfigurationPlatforms) = postSolution
		{6F9788FA-00C5-4A10-BB06-959F3BB40AC3}.Debug|Any CPU.ActiveCfg = Debug|Any CPU
		{6F9788FA-00C5-4A10-BB06-959F3BB40AC3}.Debug|Any CPU.Build.0 = Debug|Any CPU
		{6F9788FA-00C5-4A10-BB06-959F3BB40AC3}.Release|Any CPU.ActiveCfg = Release|Any CPU
		{6F9788FA-00C5-4A10-BB06-959F3BB40AC3}.Release|Any CPU.Build.0 = Release|Any CPU
		{62F4E04D-7ACB-4560-9C27-DBC7EA0080A9}.Debug|Any CPU.ActiveCfg = Debug|Any CPU
		{62F4E04D-7ACB-4560-9C27-DBC7EA0080A9}.Debug|Any CPU.Build.0 = Debug|Any CPU
		{62F4E04D-7ACB-4560-9C27-DBC7EA0080A9}.Release|Any CPU.ActiveCfg = Release|Any CPU
		{62F4E04D-7ACB-4560-9C27-DBC7EA0080A9}.Release|Any CPU.Build.0 = Release|Any CPU
		{92B4F464-1B8B-4724-AB82-56C1AAD790DF}.Debug|Any CPU.ActiveCfg = Debug|Any CPU
		{92B4F464-1B8B-4724-AB82-56C1AAD790DF}.Debug|Any CPU.Build.0 = Debug|Any CPU
		{92B4F464-1B8B-4724-AB82-56C1AAD790DF}.Release|Any CPU.ActiveCfg = Release|Any CPU
		{92B4F464-1B8B-4724-AB82-56C1AAD790DF}.Release|Any CPU.Build.0 = Release|Any CPU
		{A71FB69B-A994-4ED7-96B1-B34D3E50CEFA}.Debug|Any CPU.ActiveCfg = Debug|Any CPU
		{A71FB69B-A994-4ED7-96B1-B34D3E50CEFA}.Debug|Any CPU.Build.0 = Debug|Any CPU
		{A71FB69B-A994-4ED7-96B1-B34D3E50CEFA}.Release|Any CPU.ActiveCfg = Release|Any CPU
		{A71FB69B-A994-4ED7-96B1-B34D3E50CEFA}.Release|Any CPU.Build.0 = Release|Any CPU
		{B6838EBC-8AFB-4F13-969F-B7AB685AA414}.Debug|Any CPU.ActiveCfg = Debug|Any CPU
		{B6838EBC-8AFB-4F13-969F-B7AB685AA414}.Debug|Any CPU.Build.0 = Debug|Any CPU
		{B6838EBC-8AFB-4F13-969F-B7AB685AA414}.Release|Any CPU.ActiveCfg = Release|Any CPU
		{B6838EBC-8AFB-4F13-969F-B7AB685AA414}.Release|Any CPU.Build.0 = Release|Any CPU
		{86E64C70-FCA9-4D29-976D-5C8A0C5CAC42}.Debug|Any CPU.ActiveCfg = Debug|Any CPU
		{86E64C70-FCA9-4D29-976D-5C8A0C5CAC42}.Debug|Any CPU.Build.0 = Debug|Any CPU
		{86E64C70-FCA9-4D29-976D-5C8A0C5CAC42}.Release|Any CPU.ActiveCfg = Release|Any CPU
		{86E64C70-FCA9-4D29-976D-5C8A0C5CAC42}.Release|Any CPU.Build.0 = Release|Any CPU
		{7B650A8F-B451-4E99-9834-BB4B7F9512D5}.Debug|Any CPU.ActiveCfg = Debug|Any CPU
		{7B650A8F-B451-4E99-9834-BB4B7F9512D5}.Debug|Any CPU.Build.0 = Debug|Any CPU
		{7B650A8F-B451-4E99-9834-BB4B7F9512D5}.Release|Any CPU.ActiveCfg = Release|Any CPU
		{7B650A8F-B451-4E99-9834-BB4B7F9512D5}.Release|Any CPU.Build.0 = Release|Any CPU
		{FE01D8C2-8C47-46F8-84AD-77F8DB7C2DC4}.Debug|Any CPU.ActiveCfg = Debug|Any CPU
		{FE01D8C2-8C47-46F8-84AD-77F8DB7C2DC4}.Debug|Any CPU.Build.0 = Debug|Any CPU
		{FE01D8C2-8C47-46F8-84AD-77F8DB7C2DC4}.Release|Any CPU.ActiveCfg = Release|Any CPU
		{FE01D8C2-8C47-46F8-84AD-77F8DB7C2DC4}.Release|Any CPU.Build.0 = Release|Any CPU
		{6DCB50D0-510A-4833-8EDD-392327EEE420}.Debug|Any CPU.ActiveCfg = Debug|Any CPU
		{6DCB50D0-510A-4833-8EDD-392327EEE420}.Debug|Any CPU.Build.0 = Debug|Any CPU
		{6DCB50D0-510A-4833-8EDD-392327EEE420}.Release|Any CPU.ActiveCfg = Release|Any CPU
		{6DCB50D0-510A-4833-8EDD-392327EEE420}.Release|Any CPU.Build.0 = Release|Any CPU
		{BB031FB8-967A-44D9-BAB8-7ED74CD5A01E}.Debug|Any CPU.ActiveCfg = Debug|Any CPU
		{BB031FB8-967A-44D9-BAB8-7ED74CD5A01E}.Debug|Any CPU.Build.0 = Debug|Any CPU
		{BB031FB8-967A-44D9-BAB8-7ED74CD5A01E}.Release|Any CPU.ActiveCfg = Release|Any CPU
		{BB031FB8-967A-44D9-BAB8-7ED74CD5A01E}.Release|Any CPU.Build.0 = Release|Any CPU
		{D123B5E7-B288-4F5D-BE07-D87B64D22321}.Debug|Any CPU.ActiveCfg = Debug|Any CPU
		{D123B5E7-B288-4F5D-BE07-D87B64D22321}.Debug|Any CPU.Build.0 = Debug|Any CPU
		{D123B5E7-B288-4F5D-BE07-D87B64D22321}.Release|Any CPU.ActiveCfg = Release|Any CPU
		{D123B5E7-B288-4F5D-BE07-D87B64D22321}.Release|Any CPU.Build.0 = Release|Any CPU
		{79F5F231-D5C9-A987-F137-0162DEA6A312}.Debug|Any CPU.ActiveCfg = Debug|Any CPU
		{79F5F231-D5C9-A987-F137-0162DEA6A312}.Debug|Any CPU.Build.0 = Debug|Any CPU
		{79F5F231-D5C9-A987-F137-0162DEA6A312}.Release|Any CPU.ActiveCfg = Release|Any CPU
		{79F5F231-D5C9-A987-F137-0162DEA6A312}.Release|Any CPU.Build.0 = Release|Any CPU
	EndGlobalSection
	GlobalSection(SolutionProperties) = preSolution
		HideSolutionNode = FALSE
	EndGlobalSection
	GlobalSection(ExtensibilityGlobals) = postSolution
		SolutionGuid = {371E8491-A935-4208-B6E4-EEF3A37E906E}
	EndGlobalSection
EndGlobal
